<?xml version="1.0" encoding="utf-8"?>
<Project ToolsVersion="4.0" xmlns="http://schemas.microsoft.com/developer/msbuild/2003">
  <ItemGroup>
    <ClCompile Include="Camera.cpp">
      <Filter>Engine</Filter>
    </ClCompile>
    <ClCompile Include="clock.cpp">
      <Filter>Engine</Filter>
    </ClCompile>
    <ClCompile Include="main.cpp">
      <Filter>Engine</Filter>
    </ClCompile>
    <ClCompile Include="SceneManager.cpp">
      <Filter>Engine</Filter>
    </ClCompile>
    <ClCompile Include="ShaderLoader.cpp">
      <Filter>Engine</Filter>
    </ClCompile>
    <ClCompile Include="SoundManager.cpp">
      <Filter>Engine</Filter>
    </ClCompile>
    <ClCompile Include="Sprite.cpp">
      <Filter>Engine</Filter>
    </ClCompile>
    <ClCompile Include="TextLabel.cpp">
      <Filter>Engine</Filter>
    </ClCompile>
    <ClCompile Include="KeyboardInput.cpp">
      <Filter>Engine</Filter>
    </ClCompile>
    <ClCompile Include="Asteroid.cpp">
      <Filter>NotEngine\Entities\Asteroid</Filter>
    </ClCompile>
    <ClCompile Include="PlayerCharacter.cpp">
      <Filter>NotEngine\Entities\Player</Filter>
    </ClCompile>
    <ClCompile Include="Physics.cpp">
      <Filter>Engine</Filter>
    </ClCompile>
    <ClCompile Include="XboxControllerInput.cpp">
      <Filter>Engine</Filter>
    </ClCompile>
    <ClCompile Include="Projectile.cpp">
      <Filter>NotEngine\Entities\Projectile</Filter>
    </ClCompile>
    <ClCompile Include="healthbar.cpp">
      <Filter>NotEngine\HealthBar</Filter>
    </ClCompile>
    <ClCompile Include="ContactListener.cpp">
      <Filter>Engine</Filter>
    </ClCompile>
    <ClCompile Include="Entity.cpp">
      <Filter>NotEngine\Entities\Entity</Filter>
    </ClCompile>
    <ClCompile Include="EndLevel.cpp">
      <Filter>NotEngine\Levels\End Level</Filter>
    </ClCompile>
    <ClCompile Include="FrameBuffer.cpp">
      <Filter>Engine</Filter>
    </ClCompile>
    <ClCompile Include="LevelOne.cpp">
      <Filter>NotEngine\Levels\Level One</Filter>
    </ClCompile>
    <ClCompile Include="MenuLevel.cpp">
      <Filter>NotEngine\Levels\Menu Level</Filter>
    </ClCompile>
    <ClCompile Include="OptionsMenu.cpp">
      <Filter>NotEngine\Levels\Option Level</Filter>
    </ClCompile>
  </ItemGroup>
  <ItemGroup>
    <ClInclude Include="Camera.h">
      <Filter>Engine</Filter>
    </ClInclude>
    <ClInclude Include="clock.h">
      <Filter>Engine</Filter>
    </ClInclude>
    <ClInclude Include="SceneManager.h">
      <Filter>Engine</Filter>
    </ClInclude>
    <ClInclude Include="ShaderLoader.h">
      <Filter>Engine</Filter>
    </ClInclude>
    <ClInclude Include="SoundManager.h">
      <Filter>Engine</Filter>
    </ClInclude>
    <ClInclude Include="Sprite.h">
      <Filter>Engine</Filter>
    </ClInclude>
    <ClInclude Include="TextLabel.h">
      <Filter>Engine</Filter>
    </ClInclude>
    <ClInclude Include="Utilities.h">
      <Filter>Engine</Filter>
    </ClInclude>
    <ClInclude Include="XboxControllerInput.h">
      <Filter>Engine</Filter>
    </ClInclude>
    <ClInclude Include="KeyboardInput.h">
      <Filter>Engine</Filter>
    </ClInclude>
    <ClInclude Include="Asteroid.h">
      <Filter>NotEngine\Entities\Asteroid</Filter>
    </ClInclude>
    <ClInclude Include="PlayerCharacter.h">
      <Filter>NotEngine\Entities\Player</Filter>
    </ClInclude>
    <ClInclude Include="Physics.h">
      <Filter>Engine</Filter>
    </ClInclude>
    <ClInclude Include="Projectile.h">
      <Filter>NotEngine\Entities\Projectile</Filter>
    </ClInclude>
    <ClInclude Include="healthbar.h">
      <Filter>NotEngine\HealthBar</Filter>
    </ClInclude>
    <ClInclude Include="ContactListener.h">
      <Filter>Engine</Filter>
    </ClInclude>
    <ClInclude Include="Option.h">
      <Filter>NotEngine\Levels</Filter>
    </ClInclude>
    <ClInclude Include="Entity.h">
      <Filter>NotEngine\Entities\Entity</Filter>
    </ClInclude>
    <ClInclude Include="EndLevel.h">
      <Filter>NotEngine\Levels\End Level</Filter>
    </ClInclude>
    <ClInclude Include="FrameBuffer.h">
      <Filter>Engine</Filter>
    </ClInclude>
    <ClInclude Include="LevelOne.h">
      <Filter>NotEngine\Levels\Level One</Filter>
    </ClInclude>
    <ClInclude Include="MenuLevel.h">
      <Filter>NotEngine\Levels\Menu Level</Filter>
    </ClInclude>
    <ClInclude Include="OptionsMenu.h">
      <Filter>NotEngine\Levels\Option Level</Filter>
    </ClInclude>
  </ItemGroup>
  <ItemGroup>
    <None Include="Resources\Shaders\FragmentShader.fs">
      <Filter>Shaders</Filter>
    </None>
    <None Include="Resources\Shaders\VertexShader.vs">
      <Filter>Shaders</Filter>
    </None>
    <None Include="Resources\Shaders\Fragment_DebugShader.fs">
      <Filter>Shaders</Filter>
    </None>
    <None Include="Resources\Shaders\Vertex_DebugShader.vs">
      <Filter>Shaders</Filter>
    </None>
    <None Include="Resources\Shaders\FrameBufferFragmentShader.fs">
      <Filter>Shaders</Filter>
    </None>
    <None Include="Resources\Shaders\FrameBufferVertexShader.vs">
      <Filter>Shaders</Filter>
    </None>
  </ItemGroup>
  <ItemGroup>
    <Filter Include="Shaders">
      <UniqueIdentifier>{888425a2-20c5-45f9-bab6-a58e0216f2a4}</UniqueIdentifier>
    </Filter>
    <Filter Include="Engine">
      <UniqueIdentifier>{3137f153-f0bd-42be-af45-ef1b12240fa7}</UniqueIdentifier>
    </Filter>
    <Filter Include="NotEngine">
      <UniqueIdentifier>{5ceb80cc-ebaa-44f4-9fd4-6a5d6d6747fb}</UniqueIdentifier>
    </Filter>
    <Filter Include="NotEngine\Levels">
      <UniqueIdentifier>{5ddb91b1-47c3-4154-bc69-9592e5842f87}</UniqueIdentifier>
    </Filter>
    <Filter Include="NotEngine\Entities">
      <UniqueIdentifier>{1c94b13e-6934-4541-94c0-350e068ce876}</UniqueIdentifier>
    </Filter>
    <Filter Include="NotEngine\Entities\Player">
      <UniqueIdentifier>{94baf2f3-69af-40f0-afbb-f0a543ef51f5}</UniqueIdentifier>
    </Filter>
    <Filter Include="NotEngine\Entities\Asteroid">
      <UniqueIdentifier>{0aacea6f-0d9e-4ba8-bc9f-1bd91db0dfd5}</UniqueIdentifier>
    </Filter>
    <Filter Include="NotEngine\Entities\Projectile">
      <UniqueIdentifier>{98bec5b6-8154-4d14-bfe0-e78fda56122b}</UniqueIdentifier>
    </Filter>
    <Filter Include="NotEngine\HealthBar">
      <UniqueIdentifier>{0cad809a-a2b9-4d1a-ba5d-c8275a53382d}</UniqueIdentifier>
    </Filter>
    <Filter Include="NotEngine\Entities\Entity">
      <UniqueIdentifier>{99265ef1-11ab-4f73-ad13-ee61caf3349f}</UniqueIdentifier>
    </Filter>
    <Filter Include="NotEngine\Levels\End Level">
      <UniqueIdentifier>{6399583c-197d-4419-8f57-db3c2078182a}</UniqueIdentifier>
    </Filter>
    <Filter Include="NotEngine\Levels\Level One">
      <UniqueIdentifier>{f6964a42-c83e-4ee6-8cde-2881d057a236}</UniqueIdentifier>
    </Filter>
    <Filter Include="NotEngine\Levels\Menu Level">
      <UniqueIdentifier>{2d431360-edc0-4539-9459-8d19d09c66c3}</UniqueIdentifier>
    </Filter>
    <Filter Include="NotEngine\Levels\Option Level">
      <UniqueIdentifier>{0ebb4878-3109-41b4-9133-8a80ad195fc8}</UniqueIdentifier>
    </Filter>
  </ItemGroup>
</Project>